// !$*UTF8*$!
{
	archiveVersion = 1;
	classes = {
	};
	objectVersion = 50;
	objects = {

/* Begin PBXBuildFile section */
		5817B486227ECDB400979E0C /* AppDelegate.swift in Sources */ = {isa = PBXBuildFile; fileRef = 5817B485227ECDB400979E0C /* AppDelegate.swift */; };
		5817B488227ECDB400979E0C /* ViewController.swift in Sources */ = {isa = PBXBuildFile; fileRef = 5817B487227ECDB400979E0C /* ViewController.swift */; };
		5817B48B227ECDB400979E0C /* Main.storyboard in Resources */ = {isa = PBXBuildFile; fileRef = 5817B489227ECDB400979E0C /* Main.storyboard */; };
		5817B48E227ECDB400979E0C /* GamerGuru.xcdatamodeld in Sources */ = {isa = PBXBuildFile; fileRef = 5817B48C227ECDB400979E0C /* GamerGuru.xcdatamodeld */; };
		5817B490227ECDB700979E0C /* Assets.xcassets in Resources */ = {isa = PBXBuildFile; fileRef = 5817B48F227ECDB700979E0C /* Assets.xcassets */; };
		5817B493227ECDB700979E0C /* LaunchScreen.storyboard in Resources */ = {isa = PBXBuildFile; fileRef = 5817B491227ECDB700979E0C /* LaunchScreen.storyboard */; };
		5817B49B227ED13200979E0C /* GuideViewController.swift in Sources */ = {isa = PBXBuildFile; fileRef = 5817B49A227ED13200979E0C /* GuideViewController.swift */; };
		5817B49D227ED48B00979E0C /* GameCollectionViewCell.swift in Sources */ = {isa = PBXBuildFile; fileRef = 5817B49C227ED48B00979E0C /* GameCollectionViewCell.swift */; };
		5817B49F227ED71A00979E0C /* GuideContentViewController.swift in Sources */ = {isa = PBXBuildFile; fileRef = 5817B49E227ED71A00979E0C /* GuideContentViewController.swift */; };
		5817B4A1227EDCAE00979E0C /* GuideTopicTableViewCell.swift in Sources */ = {isa = PBXBuildFile; fileRef = 5817B4A0227EDCAE00979E0C /* GuideTopicTableViewCell.swift */; };
		5817B4A3227FC8E600979E0C /* ContentViewController.swift in Sources */ = {isa = PBXBuildFile; fileRef = 5817B4A2227FC8E600979E0C /* ContentViewController.swift */; };
		5817B4A5227FD46F00979E0C /* PopUpViewController.swift in Sources */ = {isa = PBXBuildFile; fileRef = 5817B4A4227FD46F00979E0C /* PopUpViewController.swift */; };
/* End PBXBuildFile section */

/* Begin PBXFileReference section */
		5817B482227ECDB400979E0C /* GamerGuru.app */ = {isa = PBXFileReference; explicitFileType = wrapper.application; includeInIndex = 0; path = GamerGuru.app; sourceTree = BUILT_PRODUCTS_DIR; };
		5817B485227ECDB400979E0C /* AppDelegate.swift */ = {isa = PBXFileReference; lastKnownFileType = sourcecode.swift; path = AppDelegate.swift; sourceTree = "<group>"; };
		5817B487227ECDB400979E0C /* ViewController.swift */ = {isa = PBXFileReference; lastKnownFileType = sourcecode.swift; path = ViewController.swift; sourceTree = "<group>"; };
		5817B48A227ECDB400979E0C /* Base */ = {isa = PBXFileReference; lastKnownFileType = file.storyboard; name = Base; path = Base.lproj/Main.storyboard; sourceTree = "<group>"; };
		5817B48D227ECDB400979E0C /* GamerGuru.xcdatamodel */ = {isa = PBXFileReference; lastKnownFileType = wrapper.xcdatamodel; path = GamerGuru.xcdatamodel; sourceTree = "<group>"; };
		5817B48F227ECDB700979E0C /* Assets.xcassets */ = {isa = PBXFileReference; lastKnownFileType = folder.assetcatalog; path = Assets.xcassets; sourceTree = "<group>"; };
		5817B492227ECDB700979E0C /* Base */ = {isa = PBXFileReference; lastKnownFileType = file.storyboard; name = Base; path = Base.lproj/LaunchScreen.storyboard; sourceTree = "<group>"; };
		5817B494227ECDB700979E0C /* Info.plist */ = {isa = PBXFileReference; lastKnownFileType = text.plist.xml; path = Info.plist; sourceTree = "<group>"; };
		5817B49A227ED13200979E0C /* GuideViewController.swift */ = {isa = PBXFileReference; lastKnownFileType = sourcecode.swift; path = GuideViewController.swift; sourceTree = "<group>"; };
		5817B49C227ED48B00979E0C /* GameCollectionViewCell.swift */ = {isa = PBXFileReference; lastKnownFileType = sourcecode.swift; path = GameCollectionViewCell.swift; sourceTree = "<group>"; };
		5817B49E227ED71A00979E0C /* GuideContentViewController.swift */ = {isa = PBXFileReference; lastKnownFileType = sourcecode.swift; path = GuideContentViewController.swift; sourceTree = "<group>"; };
		5817B4A0227EDCAE00979E0C /* GuideTopicTableViewCell.swift */ = {isa = PBXFileReference; lastKnownFileType = sourcecode.swift; path = GuideTopicTableViewCell.swift; sourceTree = "<group>"; };
		5817B4A2227FC8E600979E0C /* ContentViewController.swift */ = {isa = PBXFileReference; lastKnownFileType = sourcecode.swift; path = ContentViewController.swift; sourceTree = "<group>"; };
		5817B4A4227FD46F00979E0C /* PopUpViewController.swift */ = {isa = PBXFileReference; lastKnownFileType = sourcecode.swift; path = PopUpViewController.swift; sourceTree = "<group>"; };
/* End PBXFileReference section */

/* Begin PBXFrameworksBuildPhase section */
		5817B47F227ECDB400979E0C /* Frameworks */ = {
			isa = PBXFrameworksBuildPhase;
			buildActionMask = 2147483647;
			files = (
			);
			runOnlyForDeploymentPostprocessing = 0;
		};
/* End PBXFrameworksBuildPhase section */

/* Begin PBXGroup section */
		5817B479227ECDB400979E0C = {
			isa = PBXGroup;
			children = (
				5817B484227ECDB400979E0C /* GamerGuru */,
				5817B483227ECDB400979E0C /* Products */,
			);
			sourceTree = "<group>";
		};
		5817B483227ECDB400979E0C /* Products */ = {
			isa = PBXGroup;
			children = (
				5817B482227ECDB400979E0C /* GamerGuru.app */,
			);
			name = Products;
			sourceTree = "<group>";
		};
		5817B484227ECDB400979E0C /* GamerGuru */ = {
			isa = PBXGroup;
			children = (
				5817B485227ECDB400979E0C /* AppDelegate.swift */,
				5817B487227ECDB400979E0C /* ViewController.swift */,
				5817B489227ECDB400979E0C /* Main.storyboard */,
				5817B4A4227FD46F00979E0C /* PopUpViewController.swift */,
				5817B4A2227FC8E600979E0C /* ContentViewController.swift */,
				5817B49E227ED71A00979E0C /* GuideContentViewController.swift */,
				5817B4A0227EDCAE00979E0C /* GuideTopicTableViewCell.swift */,
				5817B49A227ED13200979E0C /* GuideViewController.swift */,
				5817B49C227ED48B00979E0C /* GameCollectionViewCell.swift */,
				5817B48F227ECDB700979E0C /* Assets.xcassets */,
				5817B491227ECDB700979E0C /* LaunchScreen.storyboard */,
				5817B494227ECDB700979E0C /* Info.plist */,
				5817B48C227ECDB400979E0C /* GamerGuru.xcdatamodeld */,
			);
			path = GamerGuru;
			sourceTree = "<group>";
		};
/* End PBXGroup section */

/* Begin PBXNativeTarget section */
		5817B481227ECDB400979E0C /* GamerGuru */ = {
			isa = PBXNativeTarget;
			buildConfigurationList = 5817B497227ECDB700979E0C /* Build configuration list for PBXNativeTarget "GamerGuru" */;
			buildPhases = (
				5817B47E227ECDB400979E0C /* Sources */,
				5817B47F227ECDB400979E0C /* Frameworks */,
				5817B480227ECDB400979E0C /* Resources */,
			);
			buildRules = (
			);
			dependencies = (
			);
			name = GamerGuru;
			productName = GamerGuru;
			productReference = 5817B482227ECDB400979E0C /* GamerGuru.app */;
			productType = "com.apple.product-type.application";
		};
/* End PBXNativeTarget section */

/* Begin PBXProject section */
		5817B47A227ECDB400979E0C /* Project object */ = {
			isa = PBXProject;
			attributes = {
				LastSwiftUpdateCheck = 1020;
				LastUpgradeCheck = 1020;
				ORGANIZATIONNAME = "Chia Pingky";
				TargetAttributes = {
					5817B481227ECDB400979E0C = {
						CreatedOnToolsVersion = 10.2.1;
					};
				};
			};
			buildConfigurationList = 5817B47D227ECDB400979E0C /* Build configuration list for PBXProject "GamerGuru" */;
			compatibilityVersion = "Xcode 9.3";
			developmentRegion = en;
			hasScannedForEncodings = 0;
			knownRegions = (
				en,
				Base,
			);
			mainGroup = 5817B479227ECDB400979E0C;
			productRefGroup = 5817B483227ECDB400979E0C /* Products */;
			projectDirPath = "";
			projectRoot = "";
			targets = (
				5817B481227ECDB400979E0C /* GamerGuru */,
			);
		};
/* End PBXProject section */

/* Begin PBXResourcesBuildPhase section */
		5817B480227ECDB400979E0C /* Resources */ = {
			isa = PBXResourcesBuildPhase;
			buildActionMask = 2147483647;
			files = (
				5817B493227ECDB700979E0C /* LaunchScreen.storyboard in Resources */,
				5817B490227ECDB700979E0C /* Assets.xcassets in Resources */,
				5817B48B227ECDB400979E0C /* Main.storyboard in Resources */,
			);
			runOnlyForDeploymentPostprocessing = 0;
		};
/* End PBXResourcesBuildPhase section */

/* Begin PBXSourcesBuildPhase section */
		5817B47E227ECDB400979E0C /* Sources */ = {
			isa = PBXSourcesBuildPhase;
			buildActionMask = 2147483647;
			files = (
				5817B4A3227FC8E600979E0C /* ContentViewController.swift in Sources */,
				5817B49F227ED71A00979E0C /* GuideContentViewController.swift in Sources */,
				5817B488227ECDB400979E0C /* ViewController.swift in Sources */,
				5817B49D227ED48B00979E0C /* GameCollectionViewCell.swift in Sources */,
				5817B49B227ED13200979E0C /* GuideViewController.swift in Sources */,
				5817B4A1227EDCAE00979E0C /* GuideTopicTableViewCell.swift in Sources */,
				5817B486227ECDB400979E0C /* AppDelegate.swift in Sources */,
				5817B4A5227FD46F00979E0C /* PopUpViewController.swift in Sources */,
				5817B48E227ECDB400979E0C /* GamerGuru.xcdatamodeld in Sources */,
			);
			runOnlyForDeploymentPostprocessing = 0;
		};
/* End PBXSourcesBuildPhase section */

/* Begin PBXVariantGroup section */
		5817B489227ECDB400979E0C /* Main.storyboard */ = {
			isa = PBXVariantGroup;
			children = (
				5817B48A227ECDB400979E0C /* Base */,
			);
			name = Main.storyboard;
			sourceTree = "<group>";
		};
		5817B491227ECDB700979E0C /* LaunchScreen.storyboard */ = {
			isa = PBXVariantGroup;
			children = (
				5817B492227ECDB700979E0C /* Base */,
			);
			name = LaunchScreen.storyboard;
			sourceTree = "<group>";
		};
/* End PBXVariantGroup section */

/* Begin XCBuildConfiguration section */
		5817B495227ECDB700979E0C /* Debug */ = {
			isa = XCBuildConfiguration;
			buildSettings = {
				ALWAYS_SEARCH_USER_PATHS = NO;
				CLANG_ANALYZER_NONNULL = YES;
				CLANG_ANALYZER_NUMBER_OBJECT_CONVERSION = YES_AGGRESSIVE;
				CLANG_CXX_LANGUAGE_STANDARD = "gnu++14";
				CLANG_CXX_LIBRARY = "libc++";
				CLANG_ENABLE_MODULES = YES;
				CLANG_ENABLE_OBJC_ARC = YES;
				CLANG_ENABLE_OBJC_WEAK = YES;
				CLANG_WARN_BLOCK_CAPTURE_AUTORELEASING = YES;
				CLANG_WARN_BOOL_CONVERSION = YES;
				CLANG_WARN_COMMA = YES;
				CLANG_WARN_CONSTANT_CONVERSION = YES;
				CLANG_WARN_DEPRECATED_OBJC_IMPLEMENTATIONS = YES;
				CLANG_WARN_DIRECT_OBJC_ISA_USAGE = YES_ERROR;
				CLANG_WARN_DOCUMENTATION_COMMENTS = YES;
				CLANG_WARN_EMPTY_BODY = YES;
				CLANG_WARN_ENUM_CONVERSION = YES;
				CLANG_WARN_INFINITE_RECURSION = YES;
				CLANG_WARN_INT_CONVERSION = YES;
				CLANG_WARN_NON_LITERAL_NULL_CONVERSION = YES;
				CLANG_WARN_OBJC_IMPLICIT_RETAIN_SELF = YES;
				CLANG_WARN_OBJC_LITERAL_CONVERSION = YES;
				CLANG_WARN_OBJC_ROOT_CLASS = YES_ERROR;
				CLANG_WARN_RANGE_LOOP_ANALYSIS = YES;
				CLANG_WARN_STRICT_PROTOTYPES = YES;
				CLANG_WARN_SUSPICIOUS_MOVE = YES;
				CLANG_WARN_UNGUARDED_AVAILABILITY = YES_AGGRESSIVE;
				CLANG_WARN_UNREACHABLE_CODE = YES;
				CLANG_WARN__DUPLICATE_METHOD_MATCH = YES;
				CODE_SIGN_IDENTITY = "iPhone Developer";
				COPY_PHASE_STRIP = NO;
				DEBUG_INFORMATION_FORMAT = dwarf;
				ENABLE_STRICT_OBJC_MSGSEND = YES;
				ENABLE_TESTABILITY = YES;
				GCC_C_LANGUAGE_STANDARD = gnu11;
				GCC_DYNAMIC_NO_PIC = NO;
				GCC_NO_COMMON_BLOCKS = YES;
				GCC_OPTIMIZATION_LEVEL = 0;
				GCC_PREPROCESSOR_DEFINITIONS = (
					"DEBUG=1",
					"$(inherited)",
				);
				GCC_WARN_64_TO_32_BIT_CONVERSION = YES;
				GCC_WARN_ABOUT_RETURN_TYPE = YES_ERROR;
				GCC_WARN_UNDECLARED_SELECTOR = YES;
				GCC_WARN_UNINITIALIZED_AUTOS = YES_AGGRESSIVE;
				GCC_WARN_UNUSED_FUNCTION = YES;
				GCC_WARN_UNUSED_VARIABLE = YES;
				IPHONEOS_DEPLOYMENT_TARGET = 12.2;
				MTL_ENABLE_DEBUG_INFO = INCLUDE_SOURCE;
				MTL_FAST_MATH = YES;
				ONLY_ACTIVE_ARCH = YES;
				SDKROOT = iphoneos;
				SWIFT_ACTIVE_COMPILATION_CONDITIONS = DEBUG;
				SWIFT_OPTIMIZATION_LEVEL = "-Onone";
			};
			name = Debug;
		};
		5817B496227ECDB700979E0C /* Release */ = {
			isa = XCBuildConfiguration;
			buildSettings = {
				ALWAYS_SEARCH_USER_PATHS = NO;
				CLANG_ANALYZER_NONNULL = YES;
				CLANG_ANALYZER_NUMBER_OBJECT_CONVERSION = YES_AGGRESSIVE;
				CLANG_CXX_LANGUAGE_STANDARD = "gnu++14";
				CLANG_CXX_LIBRARY = "libc++";
				CLANG_ENABLE_MODULES = YES;
				CLANG_ENABLE_OBJC_ARC = YES;
				CLANG_ENABLE_OBJC_WEAK = YES;
				CLANG_WARN_BLOCK_CAPTURE_AUTORELEASING = YES;
				CLANG_WARN_BOOL_CONVERSION = YES;
				CLANG_WARN_COMMA = YES;
				CLANG_WARN_CONSTANT_CONVERSION = YES;
				CLANG_WARN_DEPRECATED_OBJC_IMPLEMENTATIONS = YES;
				CLANG_WARN_DIRECT_OBJC_ISA_USAGE = YES_ERROR;
				CLANG_WARN_DOCUMENTATION_COMMENTS = YES;
				CLANG_WARN_EMPTY_BODY = YES;
				CLANG_WARN_ENUM_CONVERSION = YES;
				CLANG_WARN_INFINITE_RECURSION = YES;
				CLANG_WARN_INT_CONVERSION = YES;
				CLANG_WARN_NON_LITERAL_NULL_CONVERSION = YES;
				CLANG_WARN_OBJC_IMPLICIT_RETAIN_SELF = YES;
				CLANG_WARN_OBJC_LITERAL_CONVERSION = YES;
				CLANG_WARN_OBJC_ROOT_CLASS = YES_ERROR;
				CLANG_WARN_RANGE_LOOP_ANALYSIS = YES;
				CLANG_WARN_STRICT_PROTOTYPES = YES;
				CLANG_WARN_SUSPICIOUS_MOVE = YES;
				CLANG_WARN_UNGUARDED_AVAILABILITY = YES_AGGRESSIVE;
				CLANG_WARN_UNREACHABLE_CODE = YES;
				CLANG_WARN__DUPLICATE_METHOD_MATCH = YES;
				CODE_SIGN_IDENTITY = "iPhone Developer";
				COPY_PHASE_STRIP = NO;
				DEBUG_INFORMATION_FORMAT = "dwarf-with-dsym";
				ENABLE_NS_ASSERTIONS = NO;
				ENABLE_STRICT_OBJC_MSGSEND = YES;
				GCC_C_LANGUAGE_STANDARD = gnu11;
				GCC_NO_COMMON_BLOCKS = YES;
				GCC_WARN_64_TO_32_BIT_CONVERSION = YES;
				GCC_WARN_ABOUT_RETURN_TYPE = YES_ERROR;
				GCC_WARN_UNDECLARED_SELECTOR = YES;
				GCC_WARN_UNINITIALIZED_AUTOS = YES_AGGRESSIVE;
				GCC_WARN_UNUSED_FUNCTION = YES;
				GCC_WARN_UNUSED_VARIABLE = YES;
				IPHONEOS_DEPLOYMENT_TARGET = 12.2;
				MTL_ENABLE_DEBUG_INFO = NO;
				MTL_FAST_MATH = YES;
				SDKROOT = iphoneos;
				SWIFT_COMPILATION_MODE = wholemodule;
				SWIFT_OPTIMIZATION_LEVEL = "-O";
				VALIDATE_PRODUCT = YES;
			};
			name = Release;
		};
		5817B498227ECDB700979E0C /* Debug */ = {
			isa = XCBuildConfiguration;
			buildSettings = {
				ASSETCATALOG_COMPILER_APPICON_NAME = AppIcon;
				CODE_SIGN_STYLE = Automatic;
				INFOPLIST_FILE = GamerGuru/Info.plist;
				LD_RUNPATH_SEARCH_PATHS = (
					"$(inherited)",
					"@executable_path/Frameworks",
				);
				PRODUCT_BUNDLE_IDENTIFIER = edu.chia.GamerGuru;
				PRODUCT_NAME = "$(TARGET_NAME)";
				SWIFT_VERSION = 5.0;
				TARGETED_DEVICE_FAMILY = "1,2";
			};
			name = Debug;
		};
		5817B499227ECDB700979E0C /* Release */ = {
			isa = XCBuildConfiguration;
			buildSettings = {
				ASSETCATALOG_COMPILER_APPICON_NAME = AppIcon;
				CODE_SIGN_STYLE = Automatic;
				INFOPLIST_FILE = GamerGuru/Info.plist;
				LD_RUNPATH_SEARCH_PATHS = (
					"$(inherited)",
					"@executable_path/Frameworks",
				);
				PRODUCT_BUNDLE_IDENTIFIER = edu.chia.GamerGuru;
				PRODUCT_NAME = "$(TARGET_NAME)";
				SWIFT_VERSION = 5.0;
				TARGETED_DEVICE_FAMILY = "1,2";
			};
			name = Release;
		};
/* End XCBuildConfiguration section */

/* Begin XCConfigurationList section */
		5817B47D227ECDB400979E0C /* Build configuration list for PBXProject "GamerGuru" */ = {
			isa = XCConfigurationList;
			buildConfigurations = (
				5817B495227ECDB700979E0C /* Debug */,
				5817B496227ECDB700979E0C /* Release */,
			);
			defaultConfigurationIsVisible = 0;
			defaultConfigurationName = Release;
		};
		5817B497227ECDB700979E0C /* Build configuration list for PBXNativeTarget "GamerGuru" */ = {
			isa = XCConfigurationList;
			buildConfigurations = (
				5817B498227ECDB700979E0C /* Debug */,
				5817B499227ECDB700979E0C /* Release */,
			);
			defaultConfigurationIsVisible = 0;
			defaultConfigurationName = Release;
		};
/* End XCConfigurationList section */

/* Begin XCVersionGroup section */
		5817B48C227ECDB400979E0C /* GamerGuru.xcdatamodeld */ = {
			isa = XCVersionGroup;
			children = (
				5817B48D227ECDB400979E0C /* GamerGuru.xcdatamodel */,
			);
			currentVersion = 5817B48D227ECDB400979E0C /* GamerGuru.xcdatamodel */;
			path = GamerGuru.xcdatamodeld;
			sourceTree = "<group>";
			versionGroupType = wrapper.xcdatamodel;
		};
/* End XCVersionGroup section */
	};
	rootObject = 5817B47A227ECDB400979E0C /* Project object */;
}
