// !$*UTF8*$!
{
	archiveVersion = 1;
	classes = {
	};
	objectVersion = 50;
	objects = {

/* Begin PBXBuildFile section */
		1C8A3CF12276F2B6003F9FFE /* CoachViewController.swift in Sources */ = {isa = PBXBuildFile; fileRef = 1C8A3CF02276F2B6003F9FFE /* CoachViewController.swift */; };
		9579EC0F2276EBA900828865 /* AppDelegate.swift in Sources */ = {isa = PBXBuildFile; fileRef = 9579EC0E2276EBA900828865 /* AppDelegate.swift */; };
		9579EC112276EBA900828865 /* HomeViewController.swift in Sources */ = {isa = PBXBuildFile; fileRef = 9579EC102276EBA900828865 /* HomeViewController.swift */; };
		9579EC132276EBA900828865 /* GuideViewController.swift in Sources */ = {isa = PBXBuildFile; fileRef = 9579EC122276EBA900828865 /* GuideViewController.swift */; };
		9579EC162276EBA900828865 /* Main.storyboard in Resources */ = {isa = PBXBuildFile; fileRef = 9579EC142276EBA900828865 /* Main.storyboard */; };
		9579EC182276EBAA00828865 /* Assets.xcassets in Resources */ = {isa = PBXBuildFile; fileRef = 9579EC172276EBAA00828865 /* Assets.xcassets */; };
		9579EC1B2276EBAA00828865 /* LaunchScreen.storyboard in Resources */ = {isa = PBXBuildFile; fileRef = 9579EC192276EBAA00828865 /* LaunchScreen.storyboard */; };
		9579EC262276EBAA00828865 /* GamerGuruTests.swift in Sources */ = {isa = PBXBuildFile; fileRef = 9579EC252276EBAA00828865 /* GamerGuruTests.swift */; };
		9579EC312276EBAA00828865 /* GamerGuruUITests.swift in Sources */ = {isa = PBXBuildFile; fileRef = 9579EC302276EBAA00828865 /* GamerGuruUITests.swift */; };
/* End PBXBuildFile section */

/* Begin PBXContainerItemProxy section */
		9579EC222276EBAA00828865 /* PBXContainerItemProxy */ = {
			isa = PBXContainerItemProxy;
			containerPortal = 9579EC032276EBA900828865 /* Project object */;
			proxyType = 1;
			remoteGlobalIDString = 9579EC0A2276EBA900828865;
			remoteInfo = GamerGuru;
		};
		9579EC2D2276EBAA00828865 /* PBXContainerItemProxy */ = {
			isa = PBXContainerItemProxy;
			containerPortal = 9579EC032276EBA900828865 /* Project object */;
			proxyType = 1;
			remoteGlobalIDString = 9579EC0A2276EBA900828865;
			remoteInfo = GamerGuru;
		};
/* End PBXContainerItemProxy section */

/* Begin PBXFileReference section */
		1C8A3CF02276F2B6003F9FFE /* CoachViewController.swift */ = {isa = PBXFileReference; lastKnownFileType = sourcecode.swift; path = CoachViewController.swift; sourceTree = "<group>"; };
		9579EC0B2276EBA900828865 /* GamerGuru.app */ = {isa = PBXFileReference; explicitFileType = wrapper.application; includeInIndex = 0; path = GamerGuru.app; sourceTree = BUILT_PRODUCTS_DIR; };
		9579EC0E2276EBA900828865 /* AppDelegate.swift */ = {isa = PBXFileReference; lastKnownFileType = sourcecode.swift; path = AppDelegate.swift; sourceTree = "<group>"; };
		9579EC102276EBA900828865 /* HomeViewController.swift */ = {isa = PBXFileReference; lastKnownFileType = sourcecode.swift; path = HomeViewController.swift; sourceTree = "<group>"; };
		9579EC122276EBA900828865 /* GuideViewController.swift */ = {isa = PBXFileReference; lastKnownFileType = sourcecode.swift; path = GuideViewController.swift; sourceTree = "<group>"; };
		9579EC152276EBA900828865 /* Base */ = {isa = PBXFileReference; lastKnownFileType = file.storyboard; name = Base; path = Base.lproj/Main.storyboard; sourceTree = "<group>"; };
		9579EC172276EBAA00828865 /* Assets.xcassets */ = {isa = PBXFileReference; lastKnownFileType = folder.assetcatalog; path = Assets.xcassets; sourceTree = "<group>"; };
		9579EC1A2276EBAA00828865 /* Base */ = {isa = PBXFileReference; lastKnownFileType = file.storyboard; name = Base; path = Base.lproj/LaunchScreen.storyboard; sourceTree = "<group>"; };
		9579EC1C2276EBAA00828865 /* Info.plist */ = {isa = PBXFileReference; lastKnownFileType = text.plist.xml; path = Info.plist; sourceTree = "<group>"; };
		9579EC212276EBAA00828865 /* GamerGuruTests.xctest */ = {isa = PBXFileReference; explicitFileType = wrapper.cfbundle; includeInIndex = 0; path = GamerGuruTests.xctest; sourceTree = BUILT_PRODUCTS_DIR; };
		9579EC252276EBAA00828865 /* GamerGuruTests.swift */ = {isa = PBXFileReference; lastKnownFileType = sourcecode.swift; path = GamerGuruTests.swift; sourceTree = "<group>"; };
		9579EC272276EBAA00828865 /* Info.plist */ = {isa = PBXFileReference; lastKnownFileType = text.plist.xml; path = Info.plist; sourceTree = "<group>"; };
		9579EC2C2276EBAA00828865 /* GamerGuruUITests.xctest */ = {isa = PBXFileReference; explicitFileType = wrapper.cfbundle; includeInIndex = 0; path = GamerGuruUITests.xctest; sourceTree = BUILT_PRODUCTS_DIR; };
		9579EC302276EBAA00828865 /* GamerGuruUITests.swift */ = {isa = PBXFileReference; lastKnownFileType = sourcecode.swift; path = GamerGuruUITests.swift; sourceTree = "<group>"; };
		9579EC322276EBAA00828865 /* Info.plist */ = {isa = PBXFileReference; lastKnownFileType = text.plist.xml; path = Info.plist; sourceTree = "<group>"; };
/* End PBXFileReference section */

/* Begin PBXFrameworksBuildPhase section */
		9579EC082276EBA900828865 /* Frameworks */ = {
			isa = PBXFrameworksBuildPhase;
			buildActionMask = 2147483647;
			files = (
			);
			runOnlyForDeploymentPostprocessing = 0;
		};
		9579EC1E2276EBAA00828865 /* Frameworks */ = {
			isa = PBXFrameworksBuildPhase;
			buildActionMask = 2147483647;
			files = (
			);
			runOnlyForDeploymentPostprocessing = 0;
		};
		9579EC292276EBAA00828865 /* Frameworks */ = {
			isa = PBXFrameworksBuildPhase;
			buildActionMask = 2147483647;
			files = (
			);
			runOnlyForDeploymentPostprocessing = 0;
		};
/* End PBXFrameworksBuildPhase section */

/* Begin PBXGroup section */
		9579EC022276EBA900828865 = {
			isa = PBXGroup;
			children = (
				9579EC0D2276EBA900828865 /* GamerGuru */,
				9579EC242276EBAA00828865 /* GamerGuruTests */,
				9579EC2F2276EBAA00828865 /* GamerGuruUITests */,
				9579EC0C2276EBA900828865 /* Products */,
			);
			sourceTree = "<group>";
		};
		9579EC0C2276EBA900828865 /* Products */ = {
			isa = PBXGroup;
			children = (
				9579EC0B2276EBA900828865 /* GamerGuru.app */,
				9579EC212276EBAA00828865 /* GamerGuruTests.xctest */,
				9579EC2C2276EBAA00828865 /* GamerGuruUITests.xctest */,
			);
			name = Products;
			sourceTree = "<group>";
		};
		9579EC0D2276EBA900828865 /* GamerGuru */ = {
			isa = PBXGroup;
			children = (
				9579EC0E2276EBA900828865 /* AppDelegate.swift */,
				9579EC102276EBA900828865 /* HomeViewController.swift */,
				9579EC122276EBA900828865 /* GuideViewController.swift */,
				1C8A3CF02276F2B6003F9FFE /* CoachViewController.swift */,
				9579EC142276EBA900828865 /* Main.storyboard */,
				9579EC172276EBAA00828865 /* Assets.xcassets */,
				9579EC192276EBAA00828865 /* LaunchScreen.storyboard */,
				9579EC1C2276EBAA00828865 /* Info.plist */,
			);
			path = GamerGuru;
			sourceTree = "<group>";
		};
		9579EC242276EBAA00828865 /* GamerGuruTests */ = {
			isa = PBXGroup;
			children = (
				9579EC252276EBAA00828865 /* GamerGuruTests.swift */,
				9579EC272276EBAA00828865 /* Info.plist */,
			);
			path = GamerGuruTests;
			sourceTree = "<group>";
		};
		9579EC2F2276EBAA00828865 /* GamerGuruUITests */ = {
			isa = PBXGroup;
			children = (
				9579EC302276EBAA00828865 /* GamerGuruUITests.swift */,
				9579EC322276EBAA00828865 /* Info.plist */,
			);
			path = GamerGuruUITests;
			sourceTree = "<group>";
		};
/* End PBXGroup section */

/* Begin PBXNativeTarget section */
		9579EC0A2276EBA900828865 /* GamerGuru */ = {
			isa = PBXNativeTarget;
			buildConfigurationList = 9579EC352276EBAA00828865 /* Build configuration list for PBXNativeTarget "GamerGuru" */;
			buildPhases = (
				9579EC072276EBA900828865 /* Sources */,
				9579EC082276EBA900828865 /* Frameworks */,
				9579EC092276EBA900828865 /* Resources */,
			);
			buildRules = (
			);
			dependencies = (
			);
			name = GamerGuru;
			productName = GamerGuru;
			productReference = 9579EC0B2276EBA900828865 /* GamerGuru.app */;
			productType = "com.apple.product-type.application";
		};
		9579EC202276EBAA00828865 /* GamerGuruTests */ = {
			isa = PBXNativeTarget;
			buildConfigurationList = 9579EC382276EBAA00828865 /* Build configuration list for PBXNativeTarget "GamerGuruTests" */;
			buildPhases = (
				9579EC1D2276EBAA00828865 /* Sources */,
				9579EC1E2276EBAA00828865 /* Frameworks */,
				9579EC1F2276EBAA00828865 /* Resources */,
			);
			buildRules = (
			);
			dependencies = (
				9579EC232276EBAA00828865 /* PBXTargetDependency */,
			);
			name = GamerGuruTests;
			productName = GamerGuruTests;
			productReference = 9579EC212276EBAA00828865 /* GamerGuruTests.xctest */;
			productType = "com.apple.product-type.bundle.unit-test";
		};
		9579EC2B2276EBAA00828865 /* GamerGuruUITests */ = {
			isa = PBXNativeTarget;
			buildConfigurationList = 9579EC3B2276EBAA00828865 /* Build configuration list for PBXNativeTarget "GamerGuruUITests" */;
			buildPhases = (
				9579EC282276EBAA00828865 /* Sources */,
				9579EC292276EBAA00828865 /* Frameworks */,
				9579EC2A2276EBAA00828865 /* Resources */,
			);
			buildRules = (
			);
			dependencies = (
				9579EC2E2276EBAA00828865 /* PBXTargetDependency */,
			);
			name = GamerGuruUITests;
			productName = GamerGuruUITests;
			productReference = 9579EC2C2276EBAA00828865 /* GamerGuruUITests.xctest */;
			productType = "com.apple.product-type.bundle.ui-testing";
		};
/* End PBXNativeTarget section */

/* Begin PBXProject section */
		9579EC032276EBA900828865 /* Project object */ = {
			isa = PBXProject;
			attributes = {
				LastSwiftUpdateCheck = 1020;
				LastUpgradeCheck = 1020;
				ORGANIZATIONNAME = "Ananda Kevin Refaldo Sariputra";
				TargetAttributes = {
					9579EC0A2276EBA900828865 = {
						CreatedOnToolsVersion = 10.2.1;
					};
					9579EC202276EBAA00828865 = {
						CreatedOnToolsVersion = 10.2.1;
						TestTargetID = 9579EC0A2276EBA900828865;
					};
					9579EC2B2276EBAA00828865 = {
						CreatedOnToolsVersion = 10.2.1;
						TestTargetID = 9579EC0A2276EBA900828865;
					};
				};
			};
			buildConfigurationList = 9579EC062276EBA900828865 /* Build configuration list for PBXProject "GamerGuru" */;
			compatibilityVersion = "Xcode 9.3";
			developmentRegion = en;
			hasScannedForEncodings = 0;
			knownRegions = (
				en,
				Base,
			);
			mainGroup = 9579EC022276EBA900828865;
			productRefGroup = 9579EC0C2276EBA900828865 /* Products */;
			projectDirPath = "";
			projectRoot = "";
			targets = (
				9579EC0A2276EBA900828865 /* GamerGuru */,
				9579EC202276EBAA00828865 /* GamerGuruTests */,
				9579EC2B2276EBAA00828865 /* GamerGuruUITests */,
			);
		};
/* End PBXProject section */

/* Begin PBXResourcesBuildPhase section */
		9579EC092276EBA900828865 /* Resources */ = {
			isa = PBXResourcesBuildPhase;
			buildActionMask = 2147483647;
			files = (
				9579EC1B2276EBAA00828865 /* LaunchScreen.storyboard in Resources */,
				9579EC182276EBAA00828865 /* Assets.xcassets in Resources */,
				9579EC162276EBA900828865 /* Main.storyboard in Resources */,
			);
			runOnlyForDeploymentPostprocessing = 0;
		};
		9579EC1F2276EBAA00828865 /* Resources */ = {
			isa = PBXResourcesBuildPhase;
			buildActionMask = 2147483647;
			files = (
			);
			runOnlyForDeploymentPostprocessing = 0;
		};
		9579EC2A2276EBAA00828865 /* Resources */ = {
			isa = PBXResourcesBuildPhase;
			buildActionMask = 2147483647;
			files = (
			);
			runOnlyForDeploymentPostprocessing = 0;
		};
/* End PBXResourcesBuildPhase section */

/* Begin PBXSourcesBuildPhase section */
		9579EC072276EBA900828865 /* Sources */ = {
			isa = PBXSourcesBuildPhase;
			buildActionMask = 2147483647;
			files = (
				9579EC132276EBA900828865 /* GuideViewController.swift in Sources */,
				1C8A3CF12276F2B6003F9FFE /* CoachViewController.swift in Sources */,
				9579EC0F2276EBA900828865 /* AppDelegate.swift in Sources */,
				9579EC112276EBA900828865 /* HomeViewController.swift in Sources */,
			);
			runOnlyForDeploymentPostprocessing = 0;
		};
		9579EC1D2276EBAA00828865 /* Sources */ = {
			isa = PBXSourcesBuildPhase;
			buildActionMask = 2147483647;
			files = (
				9579EC262276EBAA00828865 /* GamerGuruTests.swift in Sources */,
			);
			runOnlyForDeploymentPostprocessing = 0;
		};
		9579EC282276EBAA00828865 /* Sources */ = {
			isa = PBXSourcesBuildPhase;
			buildActionMask = 2147483647;
			files = (
				9579EC312276EBAA00828865 /* GamerGuruUITests.swift in Sources */,
			);
			runOnlyForDeploymentPostprocessing = 0;
		};
/* End PBXSourcesBuildPhase section */

/* Begin PBXTargetDependency section */
		9579EC232276EBAA00828865 /* PBXTargetDependency */ = {
			isa = PBXTargetDependency;
			target = 9579EC0A2276EBA900828865 /* GamerGuru */;
			targetProxy = 9579EC222276EBAA00828865 /* PBXContainerItemProxy */;
		};
		9579EC2E2276EBAA00828865 /* PBXTargetDependency */ = {
			isa = PBXTargetDependency;
			target = 9579EC0A2276EBA900828865 /* GamerGuru */;
			targetProxy = 9579EC2D2276EBAA00828865 /* PBXContainerItemProxy */;
		};
/* End PBXTargetDependency section */

/* Begin PBXVariantGroup section */
		9579EC142276EBA900828865 /* Main.storyboard */ = {
			isa = PBXVariantGroup;
			children = (
				9579EC152276EBA900828865 /* Base */,
			);
			name = Main.storyboard;
			sourceTree = "<group>";
		};
		9579EC192276EBAA00828865 /* LaunchScreen.storyboard */ = {
			isa = PBXVariantGroup;
			children = (
				9579EC1A2276EBAA00828865 /* Base */,
			);
			name = LaunchScreen.storyboard;
			sourceTree = "<group>";
		};
/* End PBXVariantGroup section */

/* Begin XCBuildConfiguration section */
		9579EC332276EBAA00828865 /* Debug */ = {
			isa = XCBuildConfiguration;
			buildSettings = {
				ALWAYS_SEARCH_USER_PATHS = NO;
				CLANG_ANALYZER_NONNULL = YES;
				CLANG_ANALYZER_NUMBER_OBJECT_CONVERSION = YES_AGGRESSIVE;
				CLANG_CXX_LANGUAGE_STANDARD = "gnu++14";
				CLANG_CXX_LIBRARY = "libc++";
				CLANG_ENABLE_MODULES = YES;
				CLANG_ENABLE_OBJC_ARC = YES;
				CLANG_ENABLE_OBJC_WEAK = YES;
				CLANG_WARN_BLOCK_CAPTURE_AUTORELEASING = YES;
				CLANG_WARN_BOOL_CONVERSION = YES;
				CLANG_WARN_COMMA = YES;
				CLANG_WARN_CONSTANT_CONVERSION = YES;
				CLANG_WARN_DEPRECATED_OBJC_IMPLEMENTATIONS = YES;
				CLANG_WARN_DIRECT_OBJC_ISA_USAGE = YES_ERROR;
				CLANG_WARN_DOCUMENTATION_COMMENTS = YES;
				CLANG_WARN_EMPTY_BODY = YES;
				CLANG_WARN_ENUM_CONVERSION = YES;
				CLANG_WARN_INFINITE_RECURSION = YES;
				CLANG_WARN_INT_CONVERSION = YES;
				CLANG_WARN_NON_LITERAL_NULL_CONVERSION = YES;
				CLANG_WARN_OBJC_IMPLICIT_RETAIN_SELF = YES;
				CLANG_WARN_OBJC_LITERAL_CONVERSION = YES;
				CLANG_WARN_OBJC_ROOT_CLASS = YES_ERROR;
				CLANG_WARN_RANGE_LOOP_ANALYSIS = YES;
				CLANG_WARN_STRICT_PROTOTYPES = YES;
				CLANG_WARN_SUSPICIOUS_MOVE = YES;
				CLANG_WARN_UNGUARDED_AVAILABILITY = YES_AGGRESSIVE;
				CLANG_WARN_UNREACHABLE_CODE = YES;
				CLANG_WARN__DUPLICATE_METHOD_MATCH = YES;
				CODE_SIGN_IDENTITY = "iPhone Developer";
				COPY_PHASE_STRIP = NO;
				DEBUG_INFORMATION_FORMAT = dwarf;
				ENABLE_STRICT_OBJC_MSGSEND = YES;
				ENABLE_TESTABILITY = YES;
				GCC_C_LANGUAGE_STANDARD = gnu11;
				GCC_DYNAMIC_NO_PIC = NO;
				GCC_NO_COMMON_BLOCKS = YES;
				GCC_OPTIMIZATION_LEVEL = 0;
				GCC_PREPROCESSOR_DEFINITIONS = (
					"DEBUG=1",
					"$(inherited)",
				);
				GCC_WARN_64_TO_32_BIT_CONVERSION = YES;
				GCC_WARN_ABOUT_RETURN_TYPE = YES_ERROR;
				GCC_WARN_UNDECLARED_SELECTOR = YES;
				GCC_WARN_UNINITIALIZED_AUTOS = YES_AGGRESSIVE;
				GCC_WARN_UNUSED_FUNCTION = YES;
				GCC_WARN_UNUSED_VARIABLE = YES;
				IPHONEOS_DEPLOYMENT_TARGET = 12.2;
				MTL_ENABLE_DEBUG_INFO = INCLUDE_SOURCE;
				MTL_FAST_MATH = YES;
				ONLY_ACTIVE_ARCH = YES;
				SDKROOT = iphoneos;
				SWIFT_ACTIVE_COMPILATION_CONDITIONS = DEBUG;
				SWIFT_OPTIMIZATION_LEVEL = "-Onone";
			};
			name = Debug;
		};
		9579EC342276EBAA00828865 /* Release */ = {
			isa = XCBuildConfiguration;
			buildSettings = {
				ALWAYS_SEARCH_USER_PATHS = NO;
				CLANG_ANALYZER_NONNULL = YES;
				CLANG_ANALYZER_NUMBER_OBJECT_CONVERSION = YES_AGGRESSIVE;
				CLANG_CXX_LANGUAGE_STANDARD = "gnu++14";
				CLANG_CXX_LIBRARY = "libc++";
				CLANG_ENABLE_MODULES = YES;
				CLANG_ENABLE_OBJC_ARC = YES;
				CLANG_ENABLE_OBJC_WEAK = YES;
				CLANG_WARN_BLOCK_CAPTURE_AUTORELEASING = YES;
				CLANG_WARN_BOOL_CONVERSION = YES;
				CLANG_WARN_COMMA = YES;
				CLANG_WARN_CONSTANT_CONVERSION = YES;
				CLANG_WARN_DEPRECATED_OBJC_IMPLEMENTATIONS = YES;
				CLANG_WARN_DIRECT_OBJC_ISA_USAGE = YES_ERROR;
				CLANG_WARN_DOCUMENTATION_COMMENTS = YES;
				CLANG_WARN_EMPTY_BODY = YES;
				CLANG_WARN_ENUM_CONVERSION = YES;
				CLANG_WARN_INFINITE_RECURSION = YES;
				CLANG_WARN_INT_CONVERSION = YES;
				CLANG_WARN_NON_LITERAL_NULL_CONVERSION = YES;
				CLANG_WARN_OBJC_IMPLICIT_RETAIN_SELF = YES;
				CLANG_WARN_OBJC_LITERAL_CONVERSION = YES;
				CLANG_WARN_OBJC_ROOT_CLASS = YES_ERROR;
				CLANG_WARN_RANGE_LOOP_ANALYSIS = YES;
				CLANG_WARN_STRICT_PROTOTYPES = YES;
				CLANG_WARN_SUSPICIOUS_MOVE = YES;
				CLANG_WARN_UNGUARDED_AVAILABILITY = YES_AGGRESSIVE;
				CLANG_WARN_UNREACHABLE_CODE = YES;
				CLANG_WARN__DUPLICATE_METHOD_MATCH = YES;
				CODE_SIGN_IDENTITY = "iPhone Developer";
				COPY_PHASE_STRIP = NO;
				DEBUG_INFORMATION_FORMAT = "dwarf-with-dsym";
				ENABLE_NS_ASSERTIONS = NO;
				ENABLE_STRICT_OBJC_MSGSEND = YES;
				GCC_C_LANGUAGE_STANDARD = gnu11;
				GCC_NO_COMMON_BLOCKS = YES;
				GCC_WARN_64_TO_32_BIT_CONVERSION = YES;
				GCC_WARN_ABOUT_RETURN_TYPE = YES_ERROR;
				GCC_WARN_UNDECLARED_SELECTOR = YES;
				GCC_WARN_UNINITIALIZED_AUTOS = YES_AGGRESSIVE;
				GCC_WARN_UNUSED_FUNCTION = YES;
				GCC_WARN_UNUSED_VARIABLE = YES;
				IPHONEOS_DEPLOYMENT_TARGET = 12.2;
				MTL_ENABLE_DEBUG_INFO = NO;
				MTL_FAST_MATH = YES;
				SDKROOT = iphoneos;
				SWIFT_COMPILATION_MODE = wholemodule;
				SWIFT_OPTIMIZATION_LEVEL = "-O";
				VALIDATE_PRODUCT = YES;
			};
			name = Release;
		};
		9579EC362276EBAA00828865 /* Debug */ = {
			isa = XCBuildConfiguration;
			buildSettings = {
				ASSETCATALOG_COMPILER_APPICON_NAME = AppIcon;
				CODE_SIGN_STYLE = Automatic;
				DEVELOPMENT_TEAM = 66CH856QV8;
				INFOPLIST_FILE = GamerGuru/Info.plist;
				LD_RUNPATH_SEARCH_PATHS = (
					"$(inherited)",
					"@executable_path/Frameworks",
				);
				PRODUCT_BUNDLE_IDENTIFIER = com.entertainment.GamerGuru;
				PRODUCT_NAME = "$(TARGET_NAME)";
				SWIFT_VERSION = 5.0;
				TARGETED_DEVICE_FAMILY = "1,2";
			};
			name = Debug;
		};
		9579EC372276EBAA00828865 /* Release */ = {
			isa = XCBuildConfiguration;
			buildSettings = {
				ASSETCATALOG_COMPILER_APPICON_NAME = AppIcon;
				CODE_SIGN_STYLE = Automatic;
				DEVELOPMENT_TEAM = 66CH856QV8;
				INFOPLIST_FILE = GamerGuru/Info.plist;
				LD_RUNPATH_SEARCH_PATHS = (
					"$(inherited)",
					"@executable_path/Frameworks",
				);
				PRODUCT_BUNDLE_IDENTIFIER = com.entertainment.GamerGuru;
				PRODUCT_NAME = "$(TARGET_NAME)";
				SWIFT_VERSION = 5.0;
				TARGETED_DEVICE_FAMILY = "1,2";
			};
			name = Release;
		};
		9579EC392276EBAA00828865 /* Debug */ = {
			isa = XCBuildConfiguration;
			buildSettings = {
				ALWAYS_EMBED_SWIFT_STANDARD_LIBRARIES = YES;
				BUNDLE_LOADER = "$(TEST_HOST)";
				CODE_SIGN_STYLE = Automatic;
				DEVELOPMENT_TEAM = 66CH856QV8;
				INFOPLIST_FILE = GamerGuruTests/Info.plist;
				LD_RUNPATH_SEARCH_PATHS = (
					"$(inherited)",
					"@executable_path/Frameworks",
					"@loader_path/Frameworks",
				);
				PRODUCT_BUNDLE_IDENTIFIER = com.entertainment.GamerGuruTests;
				PRODUCT_NAME = "$(TARGET_NAME)";
				SWIFT_VERSION = 5.0;
				TARGETED_DEVICE_FAMILY = "1,2";
				TEST_HOST = "$(BUILT_PRODUCTS_DIR)/GamerGuru.app/GamerGuru";
			};
			name = Debug;
		};
		9579EC3A2276EBAA00828865 /* Release */ = {
			isa = XCBuildConfiguration;
			buildSettings = {
				ALWAYS_EMBED_SWIFT_STANDARD_LIBRARIES = YES;
				BUNDLE_LOADER = "$(TEST_HOST)";
				CODE_SIGN_STYLE = Automatic;
				DEVELOPMENT_TEAM = 66CH856QV8;
				INFOPLIST_FILE = GamerGuruTests/Info.plist;
				LD_RUNPATH_SEARCH_PATHS = (
					"$(inherited)",
					"@executable_path/Frameworks",
					"@loader_path/Frameworks",
				);
				PRODUCT_BUNDLE_IDENTIFIER = com.entertainment.GamerGuruTests;
				PRODUCT_NAME = "$(TARGET_NAME)";
				SWIFT_VERSION = 5.0;
				TARGETED_DEVICE_FAMILY = "1,2";
				TEST_HOST = "$(BUILT_PRODUCTS_DIR)/GamerGuru.app/GamerGuru";
			};
			name = Release;
		};
		9579EC3C2276EBAA00828865 /* Debug */ = {
			isa = XCBuildConfiguration;
			buildSettings = {
				ALWAYS_EMBED_SWIFT_STANDARD_LIBRARIES = YES;
				CODE_SIGN_STYLE = Automatic;
				DEVELOPMENT_TEAM = 66CH856QV8;
				INFOPLIST_FILE = GamerGuruUITests/Info.plist;
				LD_RUNPATH_SEARCH_PATHS = (
					"$(inherited)",
					"@executable_path/Frameworks",
					"@loader_path/Frameworks",
				);
				PRODUCT_BUNDLE_IDENTIFIER = com.entertainment.GamerGuruUITests;
				PRODUCT_NAME = "$(TARGET_NAME)";
				SWIFT_VERSION = 5.0;
				TARGETED_DEVICE_FAMILY = "1,2";
				TEST_TARGET_NAME = GamerGuru;
			};
			name = Debug;
		};
		9579EC3D2276EBAA00828865 /* Release */ = {
			isa = XCBuildConfiguration;
			buildSettings = {
				ALWAYS_EMBED_SWIFT_STANDARD_LIBRARIES = YES;
				CODE_SIGN_STYLE = Automatic;
				DEVELOPMENT_TEAM = 66CH856QV8;
				INFOPLIST_FILE = GamerGuruUITests/Info.plist;
				LD_RUNPATH_SEARCH_PATHS = (
					"$(inherited)",
					"@executable_path/Frameworks",
					"@loader_path/Frameworks",
				);
				PRODUCT_BUNDLE_IDENTIFIER = com.entertainment.GamerGuruUITests;
				PRODUCT_NAME = "$(TARGET_NAME)";
				SWIFT_VERSION = 5.0;
				TARGETED_DEVICE_FAMILY = "1,2";
				TEST_TARGET_NAME = GamerGuru;
			};
			name = Release;
		};
/* End XCBuildConfiguration section */

/* Begin XCConfigurationList section */
		9579EC062276EBA900828865 /* Build configuration list for PBXProject "GamerGuru" */ = {
			isa = XCConfigurationList;
			buildConfigurations = (
				9579EC332276EBAA00828865 /* Debug */,
				9579EC342276EBAA00828865 /* Release */,
			);
			defaultConfigurationIsVisible = 0;
			defaultConfigurationName = Release;
		};
		9579EC352276EBAA00828865 /* Build configuration list for PBXNativeTarget "GamerGuru" */ = {
			isa = XCConfigurationList;
			buildConfigurations = (
				9579EC362276EBAA00828865 /* Debug */,
				9579EC372276EBAA00828865 /* Release */,
			);
			defaultConfigurationIsVisible = 0;
			defaultConfigurationName = Release;
		};
		9579EC382276EBAA00828865 /* Build configuration list for PBXNativeTarget "GamerGuruTests" */ = {
			isa = XCConfigurationList;
			buildConfigurations = (
				9579EC392276EBAA00828865 /* Debug */,
				9579EC3A2276EBAA00828865 /* Release */,
			);
			defaultConfigurationIsVisible = 0;
			defaultConfigurationName = Release;
		};
		9579EC3B2276EBAA00828865 /* Build configuration list for PBXNativeTarget "GamerGuruUITests" */ = {
			isa = XCConfigurationList;
			buildConfigurations = (
				9579EC3C2276EBAA00828865 /* Debug */,
				9579EC3D2276EBAA00828865 /* Release */,
			);
			defaultConfigurationIsVisible = 0;
			defaultConfigurationName = Release;
		};
/* End XCConfigurationList section */
	};
	rootObject = 9579EC032276EBA900828865 /* Project object */;
}
